
Microsoft Visual Studio Solution File, Format Version 12.00
# Visual Studio Version 17
VisualStudioVersion = 17.7.34009.444
MinimumVisualStudioVersion = 10.0.40219.1
Project("{FAE04EC0-301F-11D3-BF4B-00C04F79EFBC}") = "NAudio4Maui", "NAudio4Maui\NAudio4Maui.csproj", "{FBCE5AFB-A65E-4FD2-8BB5-B084E387F210}"
EndProject
Global
	GlobalSection(SolutionConfigurationPlatforms) = preSolution
		Debug|Any CPU = Debug|Any CPU
		Release|Any CPU = Release|Any CPU
	EndGlobalSection
	GlobalSection(ProjectConfigurationPlatforms) = postSolution
		{FBCE5AFB-A65E-4FD2-8BB5-B084E387F210}.Debug|Any CPU.ActiveCfg = Debug|Any CPU
		{FBCE5AFB-A65E-4FD2-8BB5-B084E387F210}.Debug|Any CPU.Build.0 = Debug|Any CPU
		{FBCE5AFB-A65E-4FD2-8BB5-B084E387F210}.Release|Any CPU.ActiveCfg = Release|Any CPU
		{FBCE5AFB-A65E-4FD2-8BB5-B084E387F210}.Release|Any CPU.Build.0 = Release|Any CPU
	EndGlobalSection
	GlobalSection(SolutionProperties) = preSolution
		HideSolutionNode = FALSE
	EndGlobalSection
	GlobalSection(ExtensibilityGlobals) = postSolution
		SolutionGuid = {23D31BB7-4330-4544-A012-490862447B6F}
	EndGlobalSection
EndGlobal
